preprocess:
  cmd: python pipeline/preprocess.py
  deps:
  - path: dataset/data.csv
    md5: 8010ce58a6c2bd6e97f8b8b20831f9c8
    size: 19757046
  - path: pipeline/preprocess.py
    md5: dcc8c7bd0321cac7b69be62002d3fa10
    size: 459
  outs:
  - path: dataset/data_test.csv
    md5: 63a58009cc80a3cb0135753047bc4d66
    size: 4933380
  - path: dataset/data_train.csv
    md5: 2c6374a25a4fd1381c1bfe83ed8d9459
    size: 14799638
train:
  cmd: python pipeline/train.py
  deps:
  - path: dataset/data_train.csv
    md5: 2c6374a25a4fd1381c1bfe83ed8d9459
    size: 14799638
  - path: pipeline/train.py
    md5: a31df0e2e0cfbc49ed87b9e6bce44e47
    size: 270
val:
  cmd: python pipeline/val.py
  deps:
  - path: dataset/data_test.csv
    md5: 63a58009cc80a3cb0135753047bc4d66
    size: 4933380
  - path: pipeline/val.py
    md5: fbab6474bfe8c87f4ffced8f07e966c3
    size: 726
  outs:
  - path: model/confusion_matrix.png
    md5: eb107e068a19848d9ed590d72b763a76
    size: 31569
  - path: model/metrics.json
    md5: 5a01798e313694f6033edc3fdf55e9f6
    size: 52
